
Microsoft Visual Studio Solution File, Format Version 12.00
# Visual Studio Version 16
VisualStudioVersion = 16.0.29230.47
MinimumVisualStudioVersion = 10.0.40219.1
Project("{9A19103F-16F7-4668-BE54-9A1E7A4F7556}") = "BazorTests.Server", "BazorTests.Server\BazorTests.Server.csproj", "{86E00914-9E7F-441E-A163-8F64012A2099}"
EndProject
Project("{9A19103F-16F7-4668-BE54-9A1E7A4F7556}") = "BazorTests.Client", "BazorTests.Client\BazorTests.Client.csproj", "{691CA09A-9ECE-4B95-A338-355B2735CDEE}"
EndProject
Project("{9A19103F-16F7-4668-BE54-9A1E7A4F7556}") = "BazorTests.Shared", "BazorTests.Shared\BazorTests.Shared.csproj", "{C8094CD4-A0F4-4C84-8CE9-6EE0E78F4C87}"
EndProject
Project("{9A19103F-16F7-4668-BE54-9A1E7A4F7556}") = "ComponentTesting", "ComponentTesting\ComponentTesting\ComponentTesting.csproj", "{5028CB28-7E69-4A17-8315-08AB50016AE1}"
EndProject
Project("{FAE04EC0-301F-11D3-BF4B-00C04F79EFBC}") = "Microsoft.AspNetCore.Components.Testing", "Microsoft.AspNetCore.Components.Testing\Microsoft.AspNetCore.Components.Testing2\Microsoft.AspNetCore.Components.Testing.csproj", "{C88BA7FD-473B-48A4-8988-17F518A93BA0}"
EndProject
Global
	GlobalSection(SolutionConfigurationPlatforms) = preSolution
		Debug|Any CPU = Debug|Any CPU
		Release|Any CPU = Release|Any CPU
	EndGlobalSection
	GlobalSection(ProjectConfigurationPlatforms) = postSolution
		{86E00914-9E7F-441E-A163-8F64012A2099}.Debug|Any CPU.ActiveCfg = Debug|Any CPU
		{86E00914-9E7F-441E-A163-8F64012A2099}.Debug|Any CPU.Build.0 = Debug|Any CPU
		{86E00914-9E7F-441E-A163-8F64012A2099}.Release|Any CPU.ActiveCfg = Release|Any CPU
		{86E00914-9E7F-441E-A163-8F64012A2099}.Release|Any CPU.Build.0 = Release|Any CPU
		{691CA09A-9ECE-4B95-A338-355B2735CDEE}.Debug|Any CPU.ActiveCfg = Debug|Any CPU
		{691CA09A-9ECE-4B95-A338-355B2735CDEE}.Debug|Any CPU.Build.0 = Debug|Any CPU
		{691CA09A-9ECE-4B95-A338-355B2735CDEE}.Release|Any CPU.ActiveCfg = Release|Any CPU
		{691CA09A-9ECE-4B95-A338-355B2735CDEE}.Release|Any CPU.Build.0 = Release|Any CPU
		{C8094CD4-A0F4-4C84-8CE9-6EE0E78F4C87}.Debug|Any CPU.ActiveCfg = Debug|Any CPU
		{C8094CD4-A0F4-4C84-8CE9-6EE0E78F4C87}.Debug|Any CPU.Build.0 = Debug|Any CPU
		{C8094CD4-A0F4-4C84-8CE9-6EE0E78F4C87}.Release|Any CPU.ActiveCfg = Release|Any CPU
		{C8094CD4-A0F4-4C84-8CE9-6EE0E78F4C87}.Release|Any CPU.Build.0 = Release|Any CPU
		{5028CB28-7E69-4A17-8315-08AB50016AE1}.Debug|Any CPU.ActiveCfg = Debug|Any CPU
		{5028CB28-7E69-4A17-8315-08AB50016AE1}.Debug|Any CPU.Build.0 = Debug|Any CPU
		{5028CB28-7E69-4A17-8315-08AB50016AE1}.Release|Any CPU.ActiveCfg = Release|Any CPU
		{5028CB28-7E69-4A17-8315-08AB50016AE1}.Release|Any CPU.Build.0 = Release|Any CPU
		{C88BA7FD-473B-48A4-8988-17F518A93BA0}.Debug|Any CPU.ActiveCfg = Debug|Any CPU
		{C88BA7FD-473B-48A4-8988-17F518A93BA0}.Debug|Any CPU.Build.0 = Debug|Any CPU
		{C88BA7FD-473B-48A4-8988-17F518A93BA0}.Release|Any CPU.ActiveCfg = Release|Any CPU
		{C88BA7FD-473B-48A4-8988-17F518A93BA0}.Release|Any CPU.Build.0 = Release|Any CPU
	EndGlobalSection
	GlobalSection(SolutionProperties) = preSolution
		HideSolutionNode = FALSE
	EndGlobalSection
	GlobalSection(ExtensibilityGlobals) = postSolution
		SolutionGuid = {C1DEE8C9-12AA-4239-BC6D-9A633703D0C3}
	EndGlobalSection
EndGlobal
